
Microsoft Visual Studio Solution File, Format Version 12.00
# Visual Studio Version 16
VisualStudioVersion = 16.0.32228.343
MinimumVisualStudioVersion = 10.0.40219.1
Project("{9A19103F-16F7-4668-BE54-9A1E7A4F7556}") = "Entities", "Entities\Entities.csproj", "{AAF17110-C7A6-4461-839F-165B76615F5B}"
EndProject
Project("{9A19103F-16F7-4668-BE54-9A1E7A4F7556}") = "DataAccess", "DataAccess\DataAccess.csproj", "{B90B375C-7713-4A8F-85C3-01983D4F5BC4}"
EndProject
Project("{9A19103F-16F7-4668-BE54-9A1E7A4F7556}") = "Business", "Business\Business.csproj", "{1B1B036B-6E15-47CB-AEFE-DD9481881EC8}"
EndProject
Project("{9A19103F-16F7-4668-BE54-9A1E7A4F7556}") = "ConsoleUI", "ConsoleUI\ConsoleUI.csproj", "{8CF1A5BD-40F6-4187-BEC6-B94FFAA7CEEB}"
EndProject
Project("{9A19103F-16F7-4668-BE54-9A1E7A4F7556}") = "Core", "Core\Core.csproj", "{9E6E6D17-1C94-4C6A-84CD-81652686135D}"
EndProject
Project("{FAE04EC0-301F-11D3-BF4B-00C04F79EFBC}") = "WebAPI", "WebAPI\WebAPI.csproj", "{0D4E1820-A1BF-4C64-8CD4-09B29C7E0787}"
EndProject
Global
	GlobalSection(SolutionConfigurationPlatforms) = preSolution
		Debug|Any CPU = Debug|Any CPU
		Release|Any CPU = Release|Any CPU
	EndGlobalSection
	GlobalSection(ProjectConfigurationPlatforms) = postSolution
		{AAF17110-C7A6-4461-839F-165B76615F5B}.Debug|Any CPU.ActiveCfg = Debug|Any CPU
		{AAF17110-C7A6-4461-839F-165B76615F5B}.Debug|Any CPU.Build.0 = Debug|Any CPU
		{AAF17110-C7A6-4461-839F-165B76615F5B}.Release|Any CPU.ActiveCfg = Release|Any CPU
		{AAF17110-C7A6-4461-839F-165B76615F5B}.Release|Any CPU.Build.0 = Release|Any CPU
		{B90B375C-7713-4A8F-85C3-01983D4F5BC4}.Debug|Any CPU.ActiveCfg = Debug|Any CPU
		{B90B375C-7713-4A8F-85C3-01983D4F5BC4}.Debug|Any CPU.Build.0 = Debug|Any CPU
		{B90B375C-7713-4A8F-85C3-01983D4F5BC4}.Release|Any CPU.ActiveCfg = Release|Any CPU
		{B90B375C-7713-4A8F-85C3-01983D4F5BC4}.Release|Any CPU.Build.0 = Release|Any CPU
		{1B1B036B-6E15-47CB-AEFE-DD9481881EC8}.Debug|Any CPU.ActiveCfg = Debug|Any CPU
		{1B1B036B-6E15-47CB-AEFE-DD9481881EC8}.Debug|Any CPU.Build.0 = Debug|Any CPU
		{1B1B036B-6E15-47CB-AEFE-DD9481881EC8}.Release|Any CPU.ActiveCfg = Release|Any CPU
		{1B1B036B-6E15-47CB-AEFE-DD9481881EC8}.Release|Any CPU.Build.0 = Release|Any CPU
		{8CF1A5BD-40F6-4187-BEC6-B94FFAA7CEEB}.Debug|Any CPU.ActiveCfg = Debug|Any CPU
		{8CF1A5BD-40F6-4187-BEC6-B94FFAA7CEEB}.Debug|Any CPU.Build.0 = Debug|Any CPU
		{8CF1A5BD-40F6-4187-BEC6-B94FFAA7CEEB}.Release|Any CPU.ActiveCfg = Release|Any CPU
		{8CF1A5BD-40F6-4187-BEC6-B94FFAA7CEEB}.Release|Any CPU.Build.0 = Release|Any CPU
		{9E6E6D17-1C94-4C6A-84CD-81652686135D}.Debug|Any CPU.ActiveCfg = Debug|Any CPU
		{9E6E6D17-1C94-4C6A-84CD-81652686135D}.Debug|Any CPU.Build.0 = Debug|Any CPU
		{9E6E6D17-1C94-4C6A-84CD-81652686135D}.Release|Any CPU.ActiveCfg = Release|Any CPU
		{9E6E6D17-1C94-4C6A-84CD-81652686135D}.Release|Any CPU.Build.0 = Release|Any CPU
		{0D4E1820-A1BF-4C64-8CD4-09B29C7E0787}.Debug|Any CPU.ActiveCfg = Debug|Any CPU
		{0D4E1820-A1BF-4C64-8CD4-09B29C7E0787}.Debug|Any CPU.Build.0 = Debug|Any CPU
		{0D4E1820-A1BF-4C64-8CD4-09B29C7E0787}.Release|Any CPU.ActiveCfg = Release|Any CPU
		{0D4E1820-A1BF-4C64-8CD4-09B29C7E0787}.Release|Any CPU.Build.0 = Release|Any CPU
	EndGlobalSection
	GlobalSection(SolutionProperties) = preSolution
		HideSolutionNode = FALSE
	EndGlobalSection
	GlobalSection(ExtensibilityGlobals) = postSolution
		SolutionGuid = {C817AD05-6B3B-4B48-B825-F4D4689E5113}
	EndGlobalSection
EndGlobal
